
Microsoft Visual Studio Solution File, Format Version 12.00
# Visual Studio Version 16
VisualStudioVersion = 16.0.29905.134
MinimumVisualStudioVersion = 10.0.40219.1
Project("{8BC9CEB8-8B4A-11D0-8D11-00A0C91BC942}") = "ChromeCredentialDump", "ChromeCredentialDump.vcxproj", "{FFC1DE26-254E-494A-9325-734DEA18CD40}"
EndProject
Global
	GlobalSection(SolutionConfigurationPlatforms) = preSolution
		Debug|x64 = Debug|x64
		Debug|x86 = Debug|x86
		Release|x64 = Release|x64
		Release|x86 = Release|x86
	EndGlobalSection
	GlobalSection(ProjectConfigurationPlatforms) = postSolution
		{FFC1DE26-254E-494A-9325-734DEA18CD40}.Debug|x64.ActiveCfg = Debug|x64
		{FFC1DE26-254E-494A-9325-734DEA18CD40}.Debug|x64.Build.0 = Debug|x64
		{FFC1DE26-254E-494A-9325-734DEA18CD40}.Debug|x86.ActiveCfg = Debug|Win32
		{FFC1DE26-254E-494A-9325-734DEA18CD40}.Debug|x86.Build.0 = Debug|Win32
		{FFC1DE26-254E-494A-9325-734DEA18CD40}.Release|x64.ActiveCfg = Release|x64
		{FFC1DE26-254E-494A-9325-734DEA18CD40}.Release|x64.Build.0 = Release|x64
		{FFC1DE26-254E-494A-9325-734DEA18CD40}.Release|x86.ActiveCfg = Release|Win32
		{FFC1DE26-254E-494A-9325-734DEA18CD40}.Release|x86.Build.0 = Release|Win32
	EndGlobalSection
	GlobalSection(SolutionProperties) = preSolution
		HideSolutionNode = FALSE
	EndGlobalSection
	GlobalSection(ExtensibilityGlobals) = postSolution
		SolutionGuid = {2DC05532-483F-405C-BA07-7B26C4516744}
	EndGlobalSection
EndGlobal
